// !$*UTF8*$!
{
	archiveVersion = 1;
	classes = {
	};
	objectVersion = 50;
	objects = {

/* Begin PBXBuildFile section */
		CCCDE314E85B643782F85526 /* Pods_Himalayan_swift.framework in Frameworks */ = {isa = PBXBuildFile; fileRef = 5929F64CC1A0A8EA22CAC0FE /* Pods_Himalayan_swift.framework */; };
		EF477C2A23681E1E009279B8 /* AppDelegate.swift in Sources */ = {isa = PBXBuildFile; fileRef = EF477C2923681E1E009279B8 /* AppDelegate.swift */; };
		EF477C2C23681E1E009279B8 /* SceneDelegate.swift in Sources */ = {isa = PBXBuildFile; fileRef = EF477C2B23681E1E009279B8 /* SceneDelegate.swift */; };
		EF477C2E23681E1E009279B8 /* ViewController.swift in Sources */ = {isa = PBXBuildFile; fileRef = EF477C2D23681E1E009279B8 /* ViewController.swift */; };
		EF477C3123681E1E009279B8 /* Main.storyboard in Resources */ = {isa = PBXBuildFile; fileRef = EF477C2F23681E1E009279B8 /* Main.storyboard */; };
		EF477C3323681E23009279B8 /* Assets.xcassets in Resources */ = {isa = PBXBuildFile; fileRef = EF477C3223681E23009279B8 /* Assets.xcassets */; };
		EF477C3623681E23009279B8 /* LaunchScreen.storyboard in Resources */ = {isa = PBXBuildFile; fileRef = EF477C3423681E23009279B8 /* LaunchScreen.storyboard */; };
/* End PBXBuildFile section */

/* Begin PBXFileReference section */
		056C1AB5E257CE467B2CD6C0 /* Pods-Himalayan-swift.release.xcconfig */ = {isa = PBXFileReference; includeInIndex = 1; lastKnownFileType = text.xcconfig; name = "Pods-Himalayan-swift.release.xcconfig"; path = "Target Support Files/Pods-Himalayan-swift/Pods-Himalayan-swift.release.xcconfig"; sourceTree = "<group>"; };
		5929F64CC1A0A8EA22CAC0FE /* Pods_Himalayan_swift.framework */ = {isa = PBXFileReference; explicitFileType = wrapper.framework; includeInIndex = 0; path = Pods_Himalayan_swift.framework; sourceTree = BUILT_PRODUCTS_DIR; };
		652A7505E0E0833A6A54C5C1 /* Pods-Himalayan-swift.debug.xcconfig */ = {isa = PBXFileReference; includeInIndex = 1; lastKnownFileType = text.xcconfig; name = "Pods-Himalayan-swift.debug.xcconfig"; path = "Target Support Files/Pods-Himalayan-swift/Pods-Himalayan-swift.debug.xcconfig"; sourceTree = "<group>"; };
		EF477C2623681E1E009279B8 /* Himalayan-swift.app */ = {isa = PBXFileReference; explicitFileType = wrapper.application; includeInIndex = 0; path = "Himalayan-swift.app"; sourceTree = BUILT_PRODUCTS_DIR; };
		EF477C2923681E1E009279B8 /* AppDelegate.swift */ = {isa = PBXFileReference; lastKnownFileType = sourcecode.swift; path = AppDelegate.swift; sourceTree = "<group>"; };
		EF477C2B23681E1E009279B8 /* SceneDelegate.swift */ = {isa = PBXFileReference; lastKnownFileType = sourcecode.swift; path = SceneDelegate.swift; sourceTree = "<group>"; };
		EF477C2D23681E1E009279B8 /* ViewController.swift */ = {isa = PBXFileReference; lastKnownFileType = sourcecode.swift; path = ViewController.swift; sourceTree = "<group>"; };
		EF477C3023681E1E009279B8 /* Base */ = {isa = PBXFileReference; lastKnownFileType = file.storyboard; name = Base; path = Base.lproj/Main.storyboard; sourceTree = "<group>"; };
		EF477C3223681E23009279B8 /* Assets.xcassets */ = {isa = PBXFileReference; lastKnownFileType = folder.assetcatalog; path = Assets.xcassets; sourceTree = "<group>"; };
		EF477C3523681E23009279B8 /* Base */ = {isa = PBXFileReference; lastKnownFileType = file.storyboard; name = Base; path = Base.lproj/LaunchScreen.storyboard; sourceTree = "<group>"; };
		EF477C3723681E23009279B8 /* Info.plist */ = {isa = PBXFileReference; lastKnownFileType = text.plist.xml; path = Info.plist; sourceTree = "<group>"; };
/* End PBXFileReference section */

/* Begin PBXFrameworksBuildPhase section */
		EF477C2323681E1E009279B8 /* Frameworks */ = {
			isa = PBXFrameworksBuildPhase;
			buildActionMask = 2147483647;
			files = (
				CCCDE314E85B643782F85526 /* Pods_Himalayan_swift.framework in Frameworks */,
			);
			runOnlyForDeploymentPostprocessing = 0;
		};
/* End PBXFrameworksBuildPhase section */

/* Begin PBXGroup section */
		4F91D77C836CADFC32045294 /* Pods */ = {
			isa = PBXGroup;
			children = (
				652A7505E0E0833A6A54C5C1 /* Pods-Himalayan-swift.debug.xcconfig */,
				056C1AB5E257CE467B2CD6C0 /* Pods-Himalayan-swift.release.xcconfig */,
			);
			name = Pods;
			path = Pods;
			sourceTree = "<group>";
		};
		5C15DA75916B145A3C9726DF /* Frameworks */ = {
			isa = PBXGroup;
			children = (
				5929F64CC1A0A8EA22CAC0FE /* Pods_Himalayan_swift.framework */,
			);
			name = Frameworks;
			sourceTree = "<group>";
		};
		EF477C1D23681E1E009279B8 = {
			isa = PBXGroup;
			children = (
				EF477C2823681E1E009279B8 /* Himalayan-swift */,
				EF477C2723681E1E009279B8 /* Products */,
				4F91D77C836CADFC32045294 /* Pods */,
				5C15DA75916B145A3C9726DF /* Frameworks */,
			);
			sourceTree = "<group>";
		};
		EF477C2723681E1E009279B8 /* Products */ = {
			isa = PBXGroup;
			children = (
				EF477C2623681E1E009279B8 /* Himalayan-swift.app */,
			);
			name = Products;
			sourceTree = "<group>";
		};
		EF477C2823681E1E009279B8 /* Himalayan-swift */ = {
			isa = PBXGroup;
			children = (
				EF477C2923681E1E009279B8 /* AppDelegate.swift */,
				EF477C2B23681E1E009279B8 /* SceneDelegate.swift */,
				EF477C2D23681E1E009279B8 /* ViewController.swift */,
				EF477C2F23681E1E009279B8 /* Main.storyboard */,
				EF477C3223681E23009279B8 /* Assets.xcassets */,
				EF477C3423681E23009279B8 /* LaunchScreen.storyboard */,
				EF477C3723681E23009279B8 /* Info.plist */,
			);
			path = "Himalayan-swift";
			sourceTree = "<group>";
		};
/* End PBXGroup section */

/* Begin PBXNativeTarget section */
		EF477C2523681E1E009279B8 /* Himalayan-swift */ = {
			isa = PBXNativeTarget;
			buildConfigurationList = EF477C3A23681E23009279B8 /* Build configuration list for PBXNativeTarget "Himalayan-swift" */;
			buildPhases = (
				7EDD527E3CC32F80762E0C75 /* [CP] Check Pods Manifest.lock */,
				EF477C2223681E1E009279B8 /* Sources */,
				EF477C2323681E1E009279B8 /* Frameworks */,
				EF477C2423681E1E009279B8 /* Resources */,
				555B8A1835FB5F02110BC110 /* [CP] Embed Pods Frameworks */,
			);
			buildRules = (
			);
			dependencies = (
			);
			name = "Himalayan-swift";
			productName = "Himalayan-swift";
			productReference = EF477C2623681E1E009279B8 /* Himalayan-swift.app */;
			productType = "com.apple.product-type.application";
		};
/* End PBXNativeTarget section */

/* Begin PBXProject section */
		EF477C1E23681E1E009279B8 /* Project object */ = {
			isa = PBXProject;
			attributes = {
				LastSwiftUpdateCheck = 1100;
				LastUpgradeCheck = 1100;
				ORGANIZATIONNAME = "毛永绪";
				TargetAttributes = {
					EF477C2523681E1E009279B8 = {
						CreatedOnToolsVersion = 11.0;
					};
				};
			};
			buildConfigurationList = EF477C2123681E1E009279B8 /* Build configuration list for PBXProject "Himalayan-swift" */;
			compatibilityVersion = "Xcode 9.3";
			developmentRegion = en;
			hasScannedForEncodings = 0;
			knownRegions = (
				en,
				Base,
			);
			mainGroup = EF477C1D23681E1E009279B8;
			productRefGroup = EF477C2723681E1E009279B8 /* Products */;
			projectDirPath = "";
			projectRoot = "";
			targets = (
				EF477C2523681E1E009279B8 /* Himalayan-swift */,
			);
		};
/* End PBXProject section */

/* Begin PBXResourcesBuildPhase section */
		EF477C2423681E1E009279B8 /* Resources */ = {
			isa = PBXResourcesBuildPhase;
			buildActionMask = 2147483647;
			files = (
				EF477C3623681E23009279B8 /* LaunchScreen.storyboard in Resources */,
				EF477C3323681E23009279B8 /* Assets.xcassets in Resources */,
				EF477C3123681E1E009279B8 /* Main.storyboard in Resources */,
			);
			runOnlyForDeploymentPostprocessing = 0;
		};
/* End PBXResourcesBuildPhase section */

/* Begin PBXShellScriptBuildPhase section */
		555B8A1835FB5F02110BC110 /* [CP] Embed Pods Frameworks */ = {
			isa = PBXShellScriptBuildPhase;
			buildActionMask = 2147483647;
			files = (
			);
			inputFileListPaths = (
				"${PODS_ROOT}/Target Support Files/Pods-Himalayan-swift/Pods-Himalayan-swift-frameworks-${CONFIGURATION}-input-files.xcfilelist",
			);
			name = "[CP] Embed Pods Frameworks";
			outputFileListPaths = (
				"${PODS_ROOT}/Target Support Files/Pods-Himalayan-swift/Pods-Himalayan-swift-frameworks-${CONFIGURATION}-output-files.xcfilelist",
			);
			runOnlyForDeploymentPostprocessing = 0;
			shellPath = /bin/sh;
			shellScript = "\"${PODS_ROOT}/Target Support Files/Pods-Himalayan-swift/Pods-Himalayan-swift-frameworks.sh\"\n";
			showEnvVarsInLog = 0;
		};
		7EDD527E3CC32F80762E0C75 /* [CP] Check Pods Manifest.lock */ = {
			isa = PBXShellScriptBuildPhase;
			buildActionMask = 2147483647;
			files = (
			);
			inputFileListPaths = (
			);
			inputPaths = (
				"${PODS_PODFILE_DIR_PATH}/Podfile.lock",
				"${PODS_ROOT}/Manifest.lock",
			);
			name = "[CP] Check Pods Manifest.lock";
			outputFileListPaths = (
			);
			outputPaths = (
				"$(DERIVED_FILE_DIR)/Pods-Himalayan-swift-checkManifestLockResult.txt",
			);
			runOnlyForDeploymentPostprocessing = 0;
			shellPath = /bin/sh;
			shellScript = "diff \"${PODS_PODFILE_DIR_PATH}/Podfile.lock\" \"${PODS_ROOT}/Manifest.lock\" > /dev/null\nif [ $? != 0 ] ; then\n    # print error to STDERR\n    echo \"error: The sandbox is not in sync with the Podfile.lock. Run 'pod install' or update your CocoaPods installation.\" >&2\n    exit 1\nfi\n# This output is used by Xcode 'outputs' to avoid re-running this script phase.\necho \"SUCCESS\" > \"${SCRIPT_OUTPUT_FILE_0}\"\n";
			showEnvVarsInLog = 0;
		};
/* End PBXShellScriptBuildPhase section */

/* Begin PBXSourcesBuildPhase section */
		EF477C2223681E1E009279B8 /* Sources */ = {
			isa = PBXSourcesBuildPhase;
			buildActionMask = 2147483647;
			files = (
				EF477C2E23681E1E009279B8 /* ViewController.swift in Sources */,
				EF477C2A23681E1E009279B8 /* AppDelegate.swift in Sources */,
				EF477C2C23681E1E009279B8 /* SceneDelegate.swift in Sources */,
			);
			runOnlyForDeploymentPostprocessing = 0;
		};
/* End PBXSourcesBuildPhase section */

/* Begin PBXVariantGroup section */
		EF477C2F23681E1E009279B8 /* Main.storyboard */ = {
			isa = PBXVariantGroup;
			children = (
				EF477C3023681E1E009279B8 /* Base */,
			);
			name = Main.storyboard;
			sourceTree = "<group>";
		};
		EF477C3423681E23009279B8 /* LaunchScreen.storyboard */ = {
			isa = PBXVariantGroup;
			children = (
				EF477C3523681E23009279B8 /* Base */,
			);
			name = LaunchScreen.storyboard;
			sourceTree = "<group>";
		};
/* End PBXVariantGroup section */

/* Begin XCBuildConfiguration section */
		EF477C3823681E23009279B8 /* Debug */ = {
			isa = XCBuildConfiguration;
			buildSettings = {
				ALWAYS_SEARCH_USER_PATHS = NO;
				CLANG_ANALYZER_NONNULL = YES;
				CLANG_ANALYZER_NUMBER_OBJECT_CONVERSION = YES_AGGRESSIVE;
				CLANG_CXX_LANGUAGE_STANDARD = "gnu++14";
				CLANG_CXX_LIBRARY = "libc++";
				CLANG_ENABLE_MODULES = YES;
				CLANG_ENABLE_OBJC_ARC = YES;
				CLANG_ENABLE_OBJC_WEAK = YES;
				CLANG_WARN_BLOCK_CAPTURE_AUTORELEASING = YES;
				CLANG_WARN_BOOL_CONVERSION = YES;
				CLANG_WARN_COMMA = YES;
				CLANG_WARN_CONSTANT_CONVERSION = YES;
				CLANG_WARN_DEPRECATED_OBJC_IMPLEMENTATIONS = YES;
				CLANG_WARN_DIRECT_OBJC_ISA_USAGE = YES_ERROR;
				CLANG_WARN_DOCUMENTATION_COMMENTS = YES;
				CLANG_WARN_EMPTY_BODY = YES;
				CLANG_WARN_ENUM_CONVERSION = YES;
				CLANG_WARN_INFINITE_RECURSION = YES;
				CLANG_WARN_INT_CONVERSION = YES;
				CLANG_WARN_NON_LITERAL_NULL_CONVERSION = YES;
				CLANG_WARN_OBJC_IMPLICIT_RETAIN_SELF = YES;
				CLANG_WARN_OBJC_LITERAL_CONVERSION = YES;
				CLANG_WARN_OBJC_ROOT_CLASS = YES_ERROR;
				CLANG_WARN_RANGE_LOOP_ANALYSIS = YES;
				CLANG_WARN_STRICT_PROTOTYPES = YES;
				CLANG_WARN_SUSPICIOUS_MOVE = YES;
				CLANG_WARN_UNGUARDED_AVAILABILITY = YES_AGGRESSIVE;
				CLANG_WARN_UNREACHABLE_CODE = YES;
				CLANG_WARN__DUPLICATE_METHOD_MATCH = YES;
				COPY_PHASE_STRIP = NO;
				DEBUG_INFORMATION_FORMAT = dwarf;
				ENABLE_STRICT_OBJC_MSGSEND = YES;
				ENABLE_TESTABILITY = YES;
				GCC_C_LANGUAGE_STANDARD = gnu11;
				GCC_DYNAMIC_NO_PIC = NO;
				GCC_NO_COMMON_BLOCKS = YES;
				GCC_OPTIMIZATION_LEVEL = 0;
				GCC_PREPROCESSOR_DEFINITIONS = (
					"DEBUG=1",
					"$(inherited)",
				);
				GCC_WARN_64_TO_32_BIT_CONVERSION = YES;
				GCC_WARN_ABOUT_RETURN_TYPE = YES_ERROR;
				GCC_WARN_UNDECLARED_SELECTOR = YES;
				GCC_WARN_UNINITIALIZED_AUTOS = YES_AGGRESSIVE;
				GCC_WARN_UNUSED_FUNCTION = YES;
				GCC_WARN_UNUSED_VARIABLE = YES;
				IPHONEOS_DEPLOYMENT_TARGET = 13.0;
				MTL_ENABLE_DEBUG_INFO = INCLUDE_SOURCE;
				MTL_FAST_MATH = YES;
				ONLY_ACTIVE_ARCH = YES;
				SDKROOT = iphoneos;
				SWIFT_ACTIVE_COMPILATION_CONDITIONS = DEBUG;
				SWIFT_OPTIMIZATION_LEVEL = "-Onone";
			};
			name = Debug;
		};
		EF477C3923681E23009279B8 /* Release */ = {
			isa = XCBuildConfiguration;
			buildSettings = {
				ALWAYS_SEARCH_USER_PATHS = NO;
				CLANG_ANALYZER_NONNULL = YES;
				CLANG_ANALYZER_NUMBER_OBJECT_CONVERSION = YES_AGGRESSIVE;
				CLANG_CXX_LANGUAGE_STANDARD = "gnu++14";
				CLANG_CXX_LIBRARY = "libc++";
				CLANG_ENABLE_MODULES = YES;
				CLANG_ENABLE_OBJC_ARC = YES;
				CLANG_ENABLE_OBJC_WEAK = YES;
				CLANG_WARN_BLOCK_CAPTURE_AUTORELEASING = YES;
				CLANG_WARN_BOOL_CONVERSION = YES;
				CLANG_WARN_COMMA = YES;
				CLANG_WARN_CONSTANT_CONVERSION = YES;
				CLANG_WARN_DEPRECATED_OBJC_IMPLEMENTATIONS = YES;
				CLANG_WARN_DIRECT_OBJC_ISA_USAGE = YES_ERROR;
				CLANG_WARN_DOCUMENTATION_COMMENTS = YES;
				CLANG_WARN_EMPTY_BODY = YES;
				CLANG_WARN_ENUM_CONVERSION = YES;
				CLANG_WARN_INFINITE_RECURSION = YES;
				CLANG_WARN_INT_CONVERSION = YES;
				CLANG_WARN_NON_LITERAL_NULL_CONVERSION = YES;
				CLANG_WARN_OBJC_IMPLICIT_RETAIN_SELF = YES;
				CLANG_WARN_OBJC_LITERAL_CONVERSION = YES;
				CLANG_WARN_OBJC_ROOT_CLASS = YES_ERROR;
				CLANG_WARN_RANGE_LOOP_ANALYSIS = YES;
				CLANG_WARN_STRICT_PROTOTYPES = YES;
				CLANG_WARN_SUSPICIOUS_MOVE = YES;
				CLANG_WARN_UNGUARDED_AVAILABILITY = YES_AGGRESSIVE;
				CLANG_WARN_UNREACHABLE_CODE = YES;
				CLANG_WARN__DUPLICATE_METHOD_MATCH = YES;
				COPY_PHASE_STRIP = NO;
				DEBUG_INFORMATION_FORMAT = "dwarf-with-dsym";
				ENABLE_NS_ASSERTIONS = NO;
				ENABLE_STRICT_OBJC_MSGSEND = YES;
				GCC_C_LANGUAGE_STANDARD = gnu11;
				GCC_NO_COMMON_BLOCKS = YES;
				GCC_WARN_64_TO_32_BIT_CONVERSION = YES;
				GCC_WARN_ABOUT_RETURN_TYPE = YES_ERROR;
				GCC_WARN_UNDECLARED_SELECTOR = YES;
				GCC_WARN_UNINITIALIZED_AUTOS = YES_AGGRESSIVE;
				GCC_WARN_UNUSED_FUNCTION = YES;
				GCC_WARN_UNUSED_VARIABLE = YES;
				IPHONEOS_DEPLOYMENT_TARGET = 13.0;
				MTL_ENABLE_DEBUG_INFO = NO;
				MTL_FAST_MATH = YES;
				SDKROOT = iphoneos;
				SWIFT_COMPILATION_MODE = wholemodule;
				SWIFT_OPTIMIZATION_LEVEL = "-O";
				VALIDATE_PRODUCT = YES;
			};
			name = Release;
		};
		EF477C3B23681E23009279B8 /* Debug */ = {
			isa = XCBuildConfiguration;
			baseConfigurationReference = 652A7505E0E0833A6A54C5C1 /* Pods-Himalayan-swift.debug.xcconfig */;
			buildSettings = {
				ASSETCATALOG_COMPILER_APPICON_NAME = AppIcon;
				CODE_SIGN_STYLE = Automatic;
				INFOPLIST_FILE = "Himalayan-swift/Info.plist";
				LD_RUNPATH_SEARCH_PATHS = (
					"$(inherited)",
					"@executable_path/Frameworks",
				);
				PRODUCT_BUNDLE_IDENTIFIER = "HM.Himalayan-swift";
				PRODUCT_NAME = "$(TARGET_NAME)";
				SWIFT_VERSION = 5.0;
				TARGETED_DEVICE_FAMILY = "1,2";
			};
			name = Debug;
		};
		EF477C3C23681E23009279B8 /* Release */ = {
			isa = XCBuildConfiguration;
			baseConfigurationReference = 056C1AB5E257CE467B2CD6C0 /* Pods-Himalayan-swift.release.xcconfig */;
			buildSettings = {
				ASSETCATALOG_COMPILER_APPICON_NAME = AppIcon;
				CODE_SIGN_STYLE = Automatic;
				INFOPLIST_FILE = "Himalayan-swift/Info.plist";
				LD_RUNPATH_SEARCH_PATHS = (
					"$(inherited)",
					"@executable_path/Frameworks",
				);
				PRODUCT_BUNDLE_IDENTIFIER = "HM.Himalayan-swift";
				PRODUCT_NAME = "$(TARGET_NAME)";
				SWIFT_VERSION = 5.0;
				TARGETED_DEVICE_FAMILY = "1,2";
			};
			name = Release;
		};
/* End XCBuildConfiguration section */

/* Begin XCConfigurationList section */
		EF477C2123681E1E009279B8 /* Build configuration list for PBXProject "Himalayan-swift" */ = {
			isa = XCConfigurationList;
			buildConfigurations = (
				EF477C3823681E23009279B8 /* Debug */,
				EF477C3923681E23009279B8 /* Release */,
			);
			defaultConfigurationIsVisible = 0;
			defaultConfigurationName = Release;
		};
		EF477C3A23681E23009279B8 /* Build configuration list for PBXNativeTarget "Himalayan-swift" */ = {
			isa = XCConfigurationList;
			buildConfigurations = (
				EF477C3B23681E23009279B8 /* Debug */,
				EF477C3C23681E23009279B8 /* Release */,
			);
			defaultConfigurationIsVisible = 0;
			defaultConfigurationName = Release;
		};
/* End XCConfigurationList section */
	};
	rootObject = EF477C1E23681E1E009279B8 /* Project object */;
}
